
Microsoft Visual Studio Solution File, Format Version 12.00
# Visual Studio Version 16
VisualStudioVersion = 16.0.31129.286
MinimumVisualStudioVersion = 10.0.40219.1
Project("{FAE04EC0-301F-11D3-BF4B-00C04F79EFBC}") = "Interface2", "Interface2\Interface2.csproj", "{E914FCCF-D3A5-44B7-8B2B-E5E438EBA7CB}"
EndProject
Global
	GlobalSection(SolutionConfigurationPlatforms) = preSolution
		Debug|Any CPU = Debug|Any CPU
		Release|Any CPU = Release|Any CPU
	EndGlobalSection
	GlobalSection(ProjectConfigurationPlatforms) = postSolution
		{E914FCCF-D3A5-44B7-8B2B-E5E438EBA7CB}.Debug|Any CPU.ActiveCfg = Debug|Any CPU
		{E914FCCF-D3A5-44B7-8B2B-E5E438EBA7CB}.Debug|Any CPU.Build.0 = Debug|Any CPU
		{E914FCCF-D3A5-44B7-8B2B-E5E438EBA7CB}.Release|Any CPU.ActiveCfg = Release|Any CPU
		{E914FCCF-D3A5-44B7-8B2B-E5E438EBA7CB}.Release|Any CPU.Build.0 = Release|Any CPU
	EndGlobalSection
	GlobalSection(SolutionProperties) = preSolution
		HideSolutionNode = FALSE
	EndGlobalSection
	GlobalSection(ExtensibilityGlobals) = postSolution
		SolutionGuid = {1778E2ED-4D4F-4C16-8E64-806A5EFB8F88}
	EndGlobalSection
EndGlobal
